
Microsoft Visual Studio Solution File, Format Version 12.00
# Visual Studio Version 16
VisualStudioVersion = 25.0.1705.2
MinimumVisualStudioVersion = 10.0.40219.1
Project("{FAE04EC0-301F-11D3-BF4B-00C04F79EFBC}") = "Generic_Practise", "Generic_Practise\Generic_Practise.csproj", "{723662E8-B4F7-4FD2-B54D-A86D2276618F}"
EndProject
Global
	GlobalSection(SolutionConfigurationPlatforms) = preSolution
		Debug|Any CPU = Debug|Any CPU
		Release|Any CPU = Release|Any CPU
	EndGlobalSection
	GlobalSection(ProjectConfigurationPlatforms) = postSolution
		{723662E8-B4F7-4FD2-B54D-A86D2276618F}.Debug|Any CPU.ActiveCfg = Debug|Any CPU
		{723662E8-B4F7-4FD2-B54D-A86D2276618F}.Debug|Any CPU.Build.0 = Debug|Any CPU
		{723662E8-B4F7-4FD2-B54D-A86D2276618F}.Release|Any CPU.ActiveCfg = Release|Any CPU
		{723662E8-B4F7-4FD2-B54D-A86D2276618F}.Release|Any CPU.Build.0 = Release|Any CPU
	EndGlobalSection
	GlobalSection(SolutionProperties) = preSolution
		HideSolutionNode = FALSE
	EndGlobalSection
	GlobalSection(ExtensibilityGlobals) = postSolution
		SolutionGuid = {1D696174-95AA-40F3-986E-7D37D88A7BE9}
	EndGlobalSection
EndGlobal
